
Microsoft Visual Studio Solution File, Format Version 12.00
# Visual Studio Version 17
VisualStudioVersion = 17.5.33627.172
MinimumVisualStudioVersion = 10.0.40219.1
Project("{2150E333-8FDC-42A3-9474-1A3956D46DE8}") = "src", "src", "{2C6642C1-2BB8-4D58-960D-9A9B93B438F2}"
EndProject
Project("{2150E333-8FDC-42A3-9474-1A3956D46DE8}") = "tests", "tests", "{B9050521-F0F5-48D4-8259-B497537F1F7A}"
EndProject
Project("{9A19103F-16F7-4668-BE54-9A1E7A4F7556}") = "THT.JMS.Application", "src\THT.JMS.Application\THT.JMS.Application.csproj", "{D5E18E95-ABD7-4222-8955-58B9D605A30C}"
EndProject
Project("{9A19103F-16F7-4668-BE54-9A1E7A4F7556}") = "THT.JMS.Domain", "src\THT.JMS.Domain\THT.JMS.Domain.csproj", "{A77E9162-E346-42DA-8BD6-3D3B4D6C96E0}"
EndProject
Project("{9A19103F-16F7-4668-BE54-9A1E7A4F7556}") = "THT.JMS.Persistence", "src\THT.JMS.Persistence\THT.JMS.Persistence.csproj", "{9E3DFEA7-A681-4569-BC96-5F50EE069523}"
EndProject
Project("{9A19103F-16F7-4668-BE54-9A1E7A4F7556}") = "THT.JMS.API", "src\THT.JMS.API\THT.JMS.API.csproj", "{99C398B6-02A3-419F-9923-D24402C410E8}"
EndProject
Project("{9A19103F-16F7-4668-BE54-9A1E7A4F7556}") = "THT.JMS.UnitTests", "tests\THT.JMS.UnitTests\THT.JMS.UnitTests.csproj", "{CBEB027B-08FE-4098-9ECB-5F390F5D3549}"
EndProject
Project("{9A19103F-16F7-4668-BE54-9A1E7A4F7556}") = "THT.JMS.Utilities", "src\THT.JMS.Utilities\THT.JMS.Utilities.csproj", "{4AF57893-6F37-4D2C-8949-531939776D52}"
EndProject
Global
	GlobalSection(SolutionConfigurationPlatforms) = preSolution
		Debug|Any CPU = Debug|Any CPU
		Release|Any CPU = Release|Any CPU
	EndGlobalSection
	GlobalSection(ProjectConfigurationPlatforms) = postSolution
		{D5E18E95-ABD7-4222-8955-58B9D605A30C}.Debug|Any CPU.ActiveCfg = Debug|Any CPU
		{D5E18E95-ABD7-4222-8955-58B9D605A30C}.Debug|Any CPU.Build.0 = Debug|Any CPU
		{D5E18E95-ABD7-4222-8955-58B9D605A30C}.Release|Any CPU.ActiveCfg = Release|Any CPU
		{D5E18E95-ABD7-4222-8955-58B9D605A30C}.Release|Any CPU.Build.0 = Release|Any CPU
		{A77E9162-E346-42DA-8BD6-3D3B4D6C96E0}.Debug|Any CPU.ActiveCfg = Debug|Any CPU
		{A77E9162-E346-42DA-8BD6-3D3B4D6C96E0}.Debug|Any CPU.Build.0 = Debug|Any CPU
		{A77E9162-E346-42DA-8BD6-3D3B4D6C96E0}.Release|Any CPU.ActiveCfg = Release|Any CPU
		{A77E9162-E346-42DA-8BD6-3D3B4D6C96E0}.Release|Any CPU.Build.0 = Release|Any CPU
		{9E3DFEA7-A681-4569-BC96-5F50EE069523}.Debug|Any CPU.ActiveCfg = Debug|Any CPU
		{9E3DFEA7-A681-4569-BC96-5F50EE069523}.Debug|Any CPU.Build.0 = Debug|Any CPU
		{9E3DFEA7-A681-4569-BC96-5F50EE069523}.Release|Any CPU.ActiveCfg = Release|Any CPU
		{9E3DFEA7-A681-4569-BC96-5F50EE069523}.Release|Any CPU.Build.0 = Release|Any CPU
		{99C398B6-02A3-419F-9923-D24402C410E8}.Debug|Any CPU.ActiveCfg = Debug|Any CPU
		{99C398B6-02A3-419F-9923-D24402C410E8}.Debug|Any CPU.Build.0 = Debug|Any CPU
		{99C398B6-02A3-419F-9923-D24402C410E8}.Release|Any CPU.ActiveCfg = Release|Any CPU
		{99C398B6-02A3-419F-9923-D24402C410E8}.Release|Any CPU.Build.0 = Release|Any CPU
		{CBEB027B-08FE-4098-9ECB-5F390F5D3549}.Debug|Any CPU.ActiveCfg = Debug|Any CPU
		{CBEB027B-08FE-4098-9ECB-5F390F5D3549}.Debug|Any CPU.Build.0 = Debug|Any CPU
		{CBEB027B-08FE-4098-9ECB-5F390F5D3549}.Release|Any CPU.ActiveCfg = Release|Any CPU
		{CBEB027B-08FE-4098-9ECB-5F390F5D3549}.Release|Any CPU.Build.0 = Release|Any CPU
		{4AF57893-6F37-4D2C-8949-531939776D52}.Debug|Any CPU.ActiveCfg = Debug|Any CPU
		{4AF57893-6F37-4D2C-8949-531939776D52}.Debug|Any CPU.Build.0 = Debug|Any CPU
		{4AF57893-6F37-4D2C-8949-531939776D52}.Release|Any CPU.ActiveCfg = Release|Any CPU
		{4AF57893-6F37-4D2C-8949-531939776D52}.Release|Any CPU.Build.0 = Release|Any CPU
	EndGlobalSection
	GlobalSection(SolutionProperties) = preSolution
		HideSolutionNode = FALSE
	EndGlobalSection
	GlobalSection(NestedProjects) = preSolution
		{D5E18E95-ABD7-4222-8955-58B9D605A30C} = {2C6642C1-2BB8-4D58-960D-9A9B93B438F2}
		{A77E9162-E346-42DA-8BD6-3D3B4D6C96E0} = {2C6642C1-2BB8-4D58-960D-9A9B93B438F2}
		{9E3DFEA7-A681-4569-BC96-5F50EE069523} = {2C6642C1-2BB8-4D58-960D-9A9B93B438F2}
		{99C398B6-02A3-419F-9923-D24402C410E8} = {2C6642C1-2BB8-4D58-960D-9A9B93B438F2}
		{CBEB027B-08FE-4098-9ECB-5F390F5D3549} = {B9050521-F0F5-48D4-8259-B497537F1F7A}
		{4AF57893-6F37-4D2C-8949-531939776D52} = {2C6642C1-2BB8-4D58-960D-9A9B93B438F2}
	EndGlobalSection
	GlobalSection(ExtensibilityGlobals) = postSolution
		SolutionGuid = {CC2469E7-975F-4506-98EC-24C55D076B38}
	EndGlobalSection
EndGlobal
