
Microsoft Visual Studio Solution File, Format Version 12.00
# Visual Studio Version 17
VisualStudioVersion = 17.5.33627.172
MinimumVisualStudioVersion = 10.0.40219.1
Project("{2150E333-8FDC-42A3-9474-1A3956D46DE8}") = "src", "src", "{2C6642C1-2BB8-4D58-960D-9A9B93B438F2}"
EndProject
Project("{2150E333-8FDC-42A3-9474-1A3956D46DE8}") = "tests", "tests", "{B9050521-F0F5-48D4-8259-B497537F1F7A}"
EndProject
Project("{2150E333-8FDC-42A3-9474-1A3956D46DE8}") = "Core", "Core", "{3B012172-22A1-48C2-8C95-3DCC5D3A544D}"
EndProject
Project("{2150E333-8FDC-42A3-9474-1A3956D46DE8}") = "Infrastructure", "Infrastructure", "{C6F26274-4BE8-4C68-8516-25C3A413F0E5}"
EndProject
Project("{2150E333-8FDC-42A3-9474-1A3956D46DE8}") = "Presentation", "Presentation", "{D7F55EE3-26EF-4565-936A-BB37FA7ABB76}"
EndProject
Project("{FAE04EC0-301F-11D3-BF4B-00C04F79EFBC}") = "THT.JMS.Application", "THT.JMS.Application\THT.JMS.Application.csproj", "{D5E18E95-ABD7-4222-8955-58B9D605A30C}"
EndProject
Project("{FAE04EC0-301F-11D3-BF4B-00C04F79EFBC}") = "THT.JMS.Domain", "THT.JMS.Domain\THT.JMS.Domain.csproj", "{A77E9162-E346-42DA-8BD6-3D3B4D6C96E0}"
EndProject
Project("{FAE04EC0-301F-11D3-BF4B-00C04F79EFBC}") = "THT.JMS.Infrastructure", "THT.JMS.Infrastructure\THT.JMS.Infrastructure.csproj", "{E91F682D-53DC-4626-B526-3D1D20BFDCD0}"
EndProject
Project("{FAE04EC0-301F-11D3-BF4B-00C04F79EFBC}") = "THT.JMS.Persistence", "THT.JMS.Persistence\THT.JMS.Persistence.csproj", "{9E3DFEA7-A681-4569-BC96-5F50EE069523}"
EndProject
Project("{FAE04EC0-301F-11D3-BF4B-00C04F79EFBC}") = "THT.JMS.API", "THT.JMS.API\THT.JMS.API.csproj", "{99C398B6-02A3-419F-9923-D24402C410E8}"
EndProject
Project("{FAE04EC0-301F-11D3-BF4B-00C04F79EFBC}") = "THT.JMS.UnitTests", "THT.JMS.UnitTests\THT.JMS.UnitTests.csproj", "{CBEB027B-08FE-4098-9ECB-5F390F5D3549}"
EndProject
Global
	GlobalSection(SolutionConfigurationPlatforms) = preSolution
		Debug|Any CPU = Debug|Any CPU
		Release|Any CPU = Release|Any CPU
	EndGlobalSection
	GlobalSection(ProjectConfigurationPlatforms) = postSolution
		{D5E18E95-ABD7-4222-8955-58B9D605A30C}.Debug|Any CPU.ActiveCfg = Debug|Any CPU
		{D5E18E95-ABD7-4222-8955-58B9D605A30C}.Debug|Any CPU.Build.0 = Debug|Any CPU
		{D5E18E95-ABD7-4222-8955-58B9D605A30C}.Release|Any CPU.ActiveCfg = Release|Any CPU
		{D5E18E95-ABD7-4222-8955-58B9D605A30C}.Release|Any CPU.Build.0 = Release|Any CPU
		{A77E9162-E346-42DA-8BD6-3D3B4D6C96E0}.Debug|Any CPU.ActiveCfg = Debug|Any CPU
		{A77E9162-E346-42DA-8BD6-3D3B4D6C96E0}.Debug|Any CPU.Build.0 = Debug|Any CPU
		{A77E9162-E346-42DA-8BD6-3D3B4D6C96E0}.Release|Any CPU.ActiveCfg = Release|Any CPU
		{A77E9162-E346-42DA-8BD6-3D3B4D6C96E0}.Release|Any CPU.Build.0 = Release|Any CPU
		{E91F682D-53DC-4626-B526-3D1D20BFDCD0}.Debug|Any CPU.ActiveCfg = Debug|Any CPU
		{E91F682D-53DC-4626-B526-3D1D20BFDCD0}.Debug|Any CPU.Build.0 = Debug|Any CPU
		{E91F682D-53DC-4626-B526-3D1D20BFDCD0}.Release|Any CPU.ActiveCfg = Release|Any CPU
		{E91F682D-53DC-4626-B526-3D1D20BFDCD0}.Release|Any CPU.Build.0 = Release|Any CPU
		{9E3DFEA7-A681-4569-BC96-5F50EE069523}.Debug|Any CPU.ActiveCfg = Debug|Any CPU
		{9E3DFEA7-A681-4569-BC96-5F50EE069523}.Debug|Any CPU.Build.0 = Debug|Any CPU
		{9E3DFEA7-A681-4569-BC96-5F50EE069523}.Release|Any CPU.ActiveCfg = Release|Any CPU
		{9E3DFEA7-A681-4569-BC96-5F50EE069523}.Release|Any CPU.Build.0 = Release|Any CPU
		{99C398B6-02A3-419F-9923-D24402C410E8}.Debug|Any CPU.ActiveCfg = Debug|Any CPU
		{99C398B6-02A3-419F-9923-D24402C410E8}.Debug|Any CPU.Build.0 = Debug|Any CPU
		{99C398B6-02A3-419F-9923-D24402C410E8}.Release|Any CPU.ActiveCfg = Release|Any CPU
		{99C398B6-02A3-419F-9923-D24402C410E8}.Release|Any CPU.Build.0 = Release|Any CPU
		{CBEB027B-08FE-4098-9ECB-5F390F5D3549}.Debug|Any CPU.ActiveCfg = Debug|Any CPU
		{CBEB027B-08FE-4098-9ECB-5F390F5D3549}.Debug|Any CPU.Build.0 = Debug|Any CPU
		{CBEB027B-08FE-4098-9ECB-5F390F5D3549}.Release|Any CPU.ActiveCfg = Release|Any CPU
		{CBEB027B-08FE-4098-9ECB-5F390F5D3549}.Release|Any CPU.Build.0 = Release|Any CPU
	EndGlobalSection
	GlobalSection(SolutionProperties) = preSolution
		HideSolutionNode = FALSE
	EndGlobalSection
	GlobalSection(NestedProjects) = preSolution
		{3B012172-22A1-48C2-8C95-3DCC5D3A544D} = {2C6642C1-2BB8-4D58-960D-9A9B93B438F2}
		{C6F26274-4BE8-4C68-8516-25C3A413F0E5} = {2C6642C1-2BB8-4D58-960D-9A9B93B438F2}
		{D7F55EE3-26EF-4565-936A-BB37FA7ABB76} = {2C6642C1-2BB8-4D58-960D-9A9B93B438F2}
		{D5E18E95-ABD7-4222-8955-58B9D605A30C} = {3B012172-22A1-48C2-8C95-3DCC5D3A544D}
		{A77E9162-E346-42DA-8BD6-3D3B4D6C96E0} = {3B012172-22A1-48C2-8C95-3DCC5D3A544D}
		{E91F682D-53DC-4626-B526-3D1D20BFDCD0} = {C6F26274-4BE8-4C68-8516-25C3A413F0E5}
		{9E3DFEA7-A681-4569-BC96-5F50EE069523} = {C6F26274-4BE8-4C68-8516-25C3A413F0E5}
		{99C398B6-02A3-419F-9923-D24402C410E8} = {D7F55EE3-26EF-4565-936A-BB37FA7ABB76}
		{CBEB027B-08FE-4098-9ECB-5F390F5D3549} = {B9050521-F0F5-48D4-8259-B497537F1F7A}
	EndGlobalSection
	GlobalSection(ExtensibilityGlobals) = postSolution
		SolutionGuid = {CC2469E7-975F-4506-98EC-24C55D076B38}
	EndGlobalSection
EndGlobal
